Microsoft Visual Studio Solution File, Format Version 12.00
# Visual Studio Version 17
VisualStudioVersion = 17.5.2.0
MinimumVisualStudioVersion = 10.0.40219.1
Project("{FAE04EC0-301F-11D3-BF4B-00C04F79EFBC}") = "revolving_credit_app", "revolving_credit_app.csproj", "{B83807C4-8BCF-E352-8D7F-CA6F52A38F01}"
EndProject
Global
	GlobalSection(SolutionConfigurationPlatforms) = preSolution
		Debug|Any CPU = Debug|Any CPU
		Release|Any CPU = Release|Any CPU
	EndGlobalSection
	GlobalSection(ProjectConfigurationPlatforms) = postSolution
		{B83807C4-8BCF-E352-8D7F-CA6F52A38F01}.Debug|Any CPU.ActiveCfg = Debug|Any CPU
		{B83807C4-8BCF-E352-8D7F-CA6F52A38F01}.Debug|Any CPU.Build.0 = Debug|Any CPU
		{B83807C4-8BCF-E352-8D7F-CA6F52A38F01}.Release|Any CPU.ActiveCfg = Release|Any CPU
		{B83807C4-8BCF-E352-8D7F-CA6F52A38F01}.Release|Any CPU.Build.0 = Release|Any CPU
	EndGlobalSection
	GlobalSection(SolutionProperties) = preSolution
		HideSolutionNode = FALSE
	EndGlobalSection
	GlobalSection(ExtensibilityGlobals) = postSolution
		SolutionGuid = {E323B702-3798-49A4-A977-4ECC48C89BAD}
	EndGlobalSection
EndGlobal
